{
  "name": "codex-skillstate",
  "version": "0.2.2-experimental",
  "lockfileVersion": 3,
  "requires": true,
  "packages": {
    "": {
      "name": "codex-skillstate",
      "version": "0.2.2-experimental",
      "license": "MIT",
      "bin": {
        "skillstate": "bin/skillstate.mjs"
      },
      "engines": {
        "node": ">=20"
      }
    }
  }
}
